
Microsoft Visual Studio Solution File, Format Version 11.00
# Visual Studio 2010
Project("{FAE04EC0-301F-11D3-BF4B-00C04F79EFBC}") = "ChemSpiderWidgets", "ChemSpiderWidgets.csproj", "{0DB4FF06-E691-45B1-B895-54B6079573F8}"
EndProject
Global
	GlobalSection(TeamFoundationVersionControl) = preSolution
		SccNumberOfProjects = 1
		SccEnterpriseProvider = {4CA58AB2-18FA-4F8D-95D4-32DDF27D184C}
		SccTeamFoundationServer = http://cs.rsc-us.org:8080/tfs/defaultcollection
		SccProjectUniqueName0 = ChemSpiderWidgets.csproj
		SccProjectName0 = .
		SccAuxPath0 = http://cs.rsc-us.org:8080/tfs/defaultcollection
		SccLocalPath0 = .
		SccProvider0 = {4CA58AB2-18FA-4F8D-95D4-32DDF27D184C}
	EndGlobalSection
	GlobalSection(SolutionConfigurationPlatforms) = preSolution
		Debug|Any CPU = Debug|Any CPU
		Release|Any CPU = Release|Any CPU
	EndGlobalSection
	GlobalSection(ProjectConfigurationPlatforms) = postSolution
		{0DB4FF06-E691-45B1-B895-54B6079573F8}.Debug|Any CPU.ActiveCfg = Debug|Any CPU
		{0DB4FF06-E691-45B1-B895-54B6079573F8}.Debug|Any CPU.Build.0 = Debug|Any CPU
		{0DB4FF06-E691-45B1-B895-54B6079573F8}.Release|Any CPU.ActiveCfg = Release|Any CPU
		{0DB4FF06-E691-45B1-B895-54B6079573F8}.Release|Any CPU.Build.0 = Release|Any CPU
	EndGlobalSection
	GlobalSection(SolutionProperties) = preSolution
		HideSolutionNode = FALSE
	EndGlobalSection
EndGlobal
